{
  "name": "kgtkjgno--run",
  "version": "0.0.0",
  "lockfileVersion": 3,
  "requires": true,
  "packages": {
    "": {
      "name": "kgtkjgno--run",
      "version": "0.0.0",
      "dependencies": {
        "@syncfusion/ej2-base": "31.2.5",
        "@syncfusion/ej2-buttons": "31.2.3",
        "@syncfusion/ej2-calendars": "31.2.5",
        "@syncfusion/ej2-compression": "31.2.2",
        "@syncfusion/ej2-data": "31.2.5",
        "@syncfusion/ej2-dropdowns": "31.2.5",
        "@syncfusion/ej2-excel-export": "31.2.2",
        "@syncfusion/ej2-file-utils": "31.2.2",
        "@syncfusion/ej2-filemanager": "31.2.2",
        "@syncfusion/ej2-grids": "31.2.5",
        "@syncfusion/ej2-inputs": "31.2.5",
        "@syncfusion/ej2-layouts": "31.2.2",
        "@syncfusion/ej2-lists": "31.2.2",
        "@syncfusion/ej2-navigations": "31.2.5",
        "@syncfusion/ej2-notifications": "31.2.2",
        "@syncfusion/ej2-pdf-export": "31.2.2",
        "@syncfusion/ej2-popups": "31.2.5",
        "@syncfusion/ej2-richtexteditor": "31.2.5",
        "@syncfusion/ej2-splitbuttons": "31.2.2",
        "@types/codemirror": "0.0.56",
        "@types/crossroads": "0.0.28",
        "@types/es6-promise": "0.0.28",
        "@types/hasher": "0.0.27",
        "@types/marked": "0.3.0",
        "@types/moment-timezone": "0.5.30",
        "@types/signals": "0.0.16",
        "codemirror": "5.65.20",
        "crossroads": "0.12.2",
        "fuse.js": "3.6.1",
        "hasher": "1.2.0",
        "marked": "0.3.19",
        "moment-timezone": "0.5.48"
      }
    },
    "node_modules/@syncfusion/ej2-base": {
      "version": "31.2.5",
      "resolved": "https://registry.npmjs.org/@syncfusion/ej2-base/-/ej2-base-31.2.5.tgz",
      "integrity": "sha512-irE/xASivfvKxrXLPyC7QRXVSxnwqPHnImnpEAK+7we1SOXlF5nChbYjQwLFUPo9BGk9blHMvP8G1vBKzRL18Q==",
      "license": "SEE LICENSE IN license",
      "dependencies": {
        "@syncfusion/ej2-icons": "~31.2.2"
      },
      "bin": {
        "syncfusion-license": "bin/syncfusion-license.js"
      }
    },
    "node_modules/@syncfusion/ej2-buttons": {
      "version": "31.2.3",
      "resolved": "https://registry.npmjs.org/@syncfusion/ej2-buttons/-/ej2-buttons-31.2.3.tgz",
      "integrity": "sha512-h5NolAUlTd0LcZBtdNwJv9OotL2BOi0jJEtTAZgMaOuF8GdMfgR4T2CkyCsCX1u2FlH03fuNP+e0Px2LgQ9MGQ==",
      "license": "SEE LICENSE IN license",
      "dependencies": {
        "@syncfusion/ej2-base": "~31.2.2"
      }
    },
    "node_modules/@syncfusion/ej2-calendars": {
      "version": "31.2.5",
      "resolved": "https://registry.npmjs.org/@syncfusion/ej2-calendars/-/ej2-calendars-31.2.5.tgz",
      "integrity": "sha512-GDP1UAkZZ8K22XwN8kVa8mfKmnfS8QiWoS9V0Qbdl/SHhKKLpq8fgpOp06Wl6JjmfdhYr9bt5sfmfAahX9R4Sw==",
      "license": "SEE LICENSE IN license",
      "dependencies": {
        "@syncfusion/ej2-base": "~31.2.5",
        "@syncfusion/ej2-buttons": "~31.2.3",
        "@syncfusion/ej2-inputs": "~31.2.5",
        "@syncfusion/ej2-lists": "~31.2.2",
        "@syncfusion/ej2-popups": "~31.2.5"
      }
    },
    "node_modules/@syncfusion/ej2-compression": {
      "version": "31.2.2",
      "resolved": "https://registry.npmjs.org/@syncfusion/ej2-compression/-/ej2-compression-31.2.2.tgz",
      "integrity": "sha512-/91fPyw2OMHaZiaEunqxbPUIbmDTWHTaVz1Iv04Mq60xj4mNb/Ucm3rF8Id2UStot/dPq8GWFCAR9JYMzad4OQ==",
      "license": "SEE LICENSE IN license",
      "dependencies": {
        "@syncfusion/ej2-file-utils": "~31.2.2"
      }
    },
    "node_modules/@syncfusion/ej2-data": {
      "version": "31.2.5",
      "resolved": "https://registry.npmjs.org/@syncfusion/ej2-data/-/ej2-data-31.2.5.tgz",
      "integrity": "sha512-CZv8LluaYOZ6/kX+PqGYXpf/vDX5NuExyfHXE1gAcHdr7DHo/fcT/1Yq0lGRdKNQyyTT8wrnyt+ygechGpqqQA==",
      "license": "SEE LICENSE IN license",
      "dependencies": {
        "@syncfusion/ej2-base": "~31.2.5"
      }
    },
    "node_modules/@syncfusion/ej2-dropdowns": {
      "version": "31.2.5",
      "resolved": "https://registry.npmjs.org/@syncfusion/ej2-dropdowns/-/ej2-dropdowns-31.2.5.tgz",
      "integrity": "sha512-Y8znSeh6DDVohV+O8Yd8D2C8HHB8C05w+2uYqRt1Var8Vo6z/oGODDd2O4iPsS9Bt3G9VYj5DISRQPe8Bwzqeg==",
      "license": "SEE LICENSE IN license",
      "dependencies": {
        "@syncfusion/ej2-base": "~31.2.5",
        "@syncfusion/ej2-data": "~31.2.5",
        "@syncfusion/ej2-inputs": "~31.2.5",
        "@syncfusion/ej2-lists": "~31.2.2",
        "@syncfusion/ej2-navigations": "~31.2.5",
        "@syncfusion/ej2-notifications": "~31.2.2",
        "@syncfusion/ej2-popups": "~31.2.5"
      }
    },
    "node_modules/@syncfusion/ej2-excel-export": {
      "version": "31.2.2",
      "resolved": "https://registry.npmjs.org/@syncfusion/ej2-excel-export/-/ej2-excel-export-31.2.2.tgz",
      "integrity": "sha512-+thbfFuZXPKVkB1Jf0ZTiWCJFLNTUciUcXrRqh7Gs8e0+24uzoKiUkwYwTGkd0fnATGfnwidGtnlgfMMg0OT1w==",
      "license": "SEE LICENSE IN license",
      "dependencies": {
        "@syncfusion/ej2-base": "~31.2.2",
        "@syncfusion/ej2-compression": "~31.2.2"
      }
    },
    "node_modules/@syncfusion/ej2-file-utils": {
      "version": "31.2.2",
      "resolved": "https://registry.npmjs.org/@syncfusion/ej2-file-utils/-/ej2-file-utils-31.2.2.tgz",
      "integrity": "sha512-VsIlVi8XN81nJf95l6bWfn2upX7W1Gwe4R5Y0as+1AaxfIuurs7gSdXyxxZ5H25brgd67ZfdD6UMNhYoWph5aQ==",
      "license": "SEE LICENSE IN license"
    },
    "node_modules/@syncfusion/ej2-filemanager": {
      "version": "31.2.2",
      "resolved": "https://registry.npmjs.org/@syncfusion/ej2-filemanager/-/ej2-filemanager-31.2.2.tgz",
      "integrity": "sha512-8Rv8js0h36fmJwyoJsGZGnFYkHDjGcN2RdZ7zmYawGReI8PWZxv2GLTOioUrD5/vHO73X787hkKwAtRVJflDzg==",
      "license": "SEE LICENSE IN license",
      "dependencies": {
        "@syncfusion/ej2-base": "~31.2.2",
        "@syncfusion/ej2-buttons": "~31.2.2",
        "@syncfusion/ej2-data": "~31.2.2",
        "@syncfusion/ej2-grids": "~31.2.2",
        "@syncfusion/ej2-inputs": "~31.2.2",
        "@syncfusion/ej2-layouts": "~31.2.2",
        "@syncfusion/ej2-lists": "~31.2.2",
        "@syncfusion/ej2-navigations": "~31.2.2",
        "@syncfusion/ej2-popups": "~31.2.2",
        "@syncfusion/ej2-splitbuttons": "~31.2.2"
      }
    },
    "node_modules/@syncfusion/ej2-grids": {
      "version": "31.2.5",
      "resolved": "https://registry.npmjs.org/@syncfusion/ej2-grids/-/ej2-grids-31.2.5.tgz",
      "integrity": "sha512-v0fIOm+8OJBSdJUNqEUxNuu5S5yoYzZXli9XfNWlzDMBbviweQKHZtwqR2P3UJ3JCGXklKtaNEJFvevt5I8T/A==",
      "license": "SEE LICENSE IN license",
      "dependencies": {
        "@syncfusion/ej2-base": "~31.2.5",
        "@syncfusion/ej2-buttons": "~31.2.3",
        "@syncfusion/ej2-calendars": "~31.2.5",
        "@syncfusion/ej2-compression": "~31.2.2",
        "@syncfusion/ej2-data": "~31.2.5",
        "@syncfusion/ej2-dropdowns": "~31.2.5",
        "@syncfusion/ej2-excel-export": "~31.2.2",
        "@syncfusion/ej2-file-utils": "~31.2.2",
        "@syncfusion/ej2-inputs": "~31.2.5",
        "@syncfusion/ej2-lists": "~31.2.2",
        "@syncfusion/ej2-navigations": "~31.2.5",
        "@syncfusion/ej2-notifications": "~31.2.2",
        "@syncfusion/ej2-pdf-export": "~31.2.2",
        "@syncfusion/ej2-popups": "~31.2.5",
        "@syncfusion/ej2-splitbuttons": "~31.2.2"
      }
    },
    "node_modules/@syncfusion/ej2-icons": {
      "version": "31.2.2",
      "resolved": "https://registry.npmjs.org/@syncfusion/ej2-icons/-/ej2-icons-31.2.2.tgz",
      "integrity": "sha512-XXiaK9VR+6h8iI6BesBydO8j4zT63dk9plUi7KlyjVJnFUveDDNYOpvixU5aY6mJd1Buj9KkVUYBunM4rcZLBg==",
      "license": "SEE LICENSE IN license"
    },
    "node_modules/@syncfusion/ej2-inputs": {
      "version": "31.2.5",
      "resolved": "https://registry.npmjs.org/@syncfusion/ej2-inputs/-/ej2-inputs-31.2.5.tgz",
      "integrity": "sha512-wB76bMB3fx4DdZbRJEQBP1VLrw4nLpAOi4ZpGZrLCAAi6ZxQmIasC8eH9FadeCc3gGL1GLRXZh+xi/QIKaOcrw==",
      "license": "SEE LICENSE IN license",
      "dependencies": {
        "@syncfusion/ej2-base": "~31.2.5",
        "@syncfusion/ej2-buttons": "~31.2.3",
        "@syncfusion/ej2-popups": "~31.2.5",
        "@syncfusion/ej2-splitbuttons": "~31.2.2"
      }
    },
    "node_modules/@syncfusion/ej2-layouts": {
      "version": "31.2.2",
      "resolved": "https://registry.npmjs.org/@syncfusion/ej2-layouts/-/ej2-layouts-31.2.2.tgz",
      "integrity": "sha512-7/4zQiXRgIRf106kwAJ3m7P3kvuOkaSwfCfNCQ+Ieq7u67NAK0egi2qTXpl7kvW6q+EPy2gKwyP2VI5uPNobpQ==",
      "license": "SEE LICENSE IN license",
      "dependencies": {
        "@syncfusion/ej2-base": "~31.2.2"
      }
    },
    "node_modules/@syncfusion/ej2-lists": {
      "version": "31.2.2",
      "resolved": "https://registry.npmjs.org/@syncfusion/ej2-lists/-/ej2-lists-31.2.2.tgz",
      "integrity": "sha512-/ynwm6vQTIOZcERMl3Qlhpw/TsmGypQneqdnD4lot67RphzF08BiVHmAdz7DfVOYBlWySlEK2+oGNDdLZNdzIw==",
      "license": "SEE LICENSE IN license",
      "dependencies": {
        "@syncfusion/ej2-base": "~31.2.2",
        "@syncfusion/ej2-buttons": "~31.2.2",
        "@syncfusion/ej2-data": "~31.2.2",
        "@syncfusion/ej2-popups": "~31.2.2"
      }
    },
    "node_modules/@syncfusion/ej2-navigations": {
      "version": "31.2.5",
      "resolved": "https://registry.npmjs.org/@syncfusion/ej2-navigations/-/ej2-navigations-31.2.5.tgz",
      "integrity": "sha512-nfi0pL2LV/vFrJFpuMjn3GTaKm/hV0mSoKcudH/hw8siLZmmbnfhRc6Ltryz7mr5RfpeLJSHSb/O0QBi2uT2MQ==",
      "license": "SEE LICENSE IN license",
      "dependencies": {
        "@syncfusion/ej2-base": "~31.2.5",
        "@syncfusion/ej2-buttons": "~31.2.3",
        "@syncfusion/ej2-data": "~31.2.5",
        "@syncfusion/ej2-inputs": "~31.2.5",
        "@syncfusion/ej2-lists": "~31.2.2",
        "@syncfusion/ej2-popups": "~31.2.5"
      }
    },
    "node_modules/@syncfusion/ej2-notifications": {
      "version": "31.2.2",
      "resolved": "https://registry.npmjs.org/@syncfusion/ej2-notifications/-/ej2-notifications-31.2.2.tgz",
      "integrity": "sha512-ASbnWHyiFhlX7LXuI2ybl8tkClEWhzW4dQ6SekccbOWG6tRKmAIyVWylfdREyexb1gvHTj+XgHTcHt6SidPTfQ==",
      "license": "SEE LICENSE IN license",
      "dependencies": {
        "@syncfusion/ej2-base": "~31.2.2",
        "@syncfusion/ej2-buttons": "~31.2.2",
        "@syncfusion/ej2-popups": "~31.2.2"
      }
    },
    "node_modules/@syncfusion/ej2-pdf-export": {
      "version": "31.2.2",
      "resolved": "https://registry.npmjs.org/@syncfusion/ej2-pdf-export/-/ej2-pdf-export-31.2.2.tgz",
      "integrity": "sha512-s6khHUe/oIbr6oRs4PEUO8RTbS4CEaMBxYgLNaLncd37ysv3MHZt+U40OppMECPgBhpv79QapDmhdpcz+OIV5w==",
      "license": "SEE LICENSE IN license",
      "dependencies": {
        "@syncfusion/ej2-compression": "~31.2.2"
      }
    },
    "node_modules/@syncfusion/ej2-popups": {
      "version": "31.2.5",
      "resolved": "https://registry.npmjs.org/@syncfusion/ej2-popups/-/ej2-popups-31.2.5.tgz",
      "integrity": "sha512-CrwdkBskbyAHfRKILTrIva/aPgC0XLltNiyrvwi/8mZRqgU9Fo6QogAx9xHeHKKPq2tpXh95v5OX0XTOoOyH6w==",
      "license": "SEE LICENSE IN license",
      "dependencies": {
        "@syncfusion/ej2-base": "~31.2.5",
        "@syncfusion/ej2-buttons": "~31.2.3"
      }
    },
    "node_modules/@syncfusion/ej2-richtexteditor": {
      "version": "31.2.5",
      "resolved": "https://registry.npmjs.org/@syncfusion/ej2-richtexteditor/-/ej2-richtexteditor-31.2.5.tgz",
      "integrity": "sha512-iDnihDs8L+hVoGD63bp834yDHICS6IV6v4dE0DPnmfH43TS4DT0B1PpYrwTdOLUQlcR+Y9kT1DuGLwz4YGQwUw==",
      "license": "SEE LICENSE IN license",
      "dependencies": {
        "@syncfusion/ej2-base": "~31.2.5",
        "@syncfusion/ej2-buttons": "~31.2.3",
        "@syncfusion/ej2-dropdowns": "~31.2.5",
        "@syncfusion/ej2-filemanager": "~31.2.2",
        "@syncfusion/ej2-inputs": "~31.2.5",
        "@syncfusion/ej2-navigations": "~31.2.5",
        "@syncfusion/ej2-popups": "~31.2.5",
        "@syncfusion/ej2-splitbuttons": "~31.2.2"
      }
    },
    "node_modules/@syncfusion/ej2-splitbuttons": {
      "version": "31.2.2",
      "resolved": "https://registry.npmjs.org/@syncfusion/ej2-splitbuttons/-/ej2-splitbuttons-31.2.2.tgz",
      "integrity": "sha512-R31Z+/74kgMjwNuTyWxoy+4IuWtTgP1nLOiZMjsxUKdjliMnlqE5SoDe/eosthYHp+TlvojNlZX8k3gVzIEKZQ==",
      "license": "SEE LICENSE IN license",
      "dependencies": {
        "@syncfusion/ej2-base": "~31.2.2",
        "@syncfusion/ej2-popups": "~31.2.2"
      }
    },
    "node_modules/@types/codemirror": {
      "version": "0.0.56",
      "resolved": "https://registry.npmjs.org/@types/codemirror/-/codemirror-0.0.56.tgz",
      "integrity": "sha512-OMtPqg2wFOEcNeVga+m+UXpYJw8ugISPCQOtShdFUho/k91Ms1oWOozoDT1I87Phv6IdwLfMLtIOahh1tO1cJQ==",
      "license": "MIT"
    },
    "node_modules/@types/crossroads": {
      "version": "0.0.28",
      "resolved": "https://registry.npmjs.org/@types/crossroads/-/crossroads-0.0.28.tgz",
      "integrity": "sha512-HAS3RodeePJ3Yv68VqiCgXi7Ry/69/UyVnmLfK2tzGcP2/q1wCztMBFiuz06XroFv4L9smX8B9C+9mNlDjXZyg==",
      "license": "MIT",
      "dependencies": {
        "@types/signals": "0.0.*"
      }
    },
    "node_modules/@types/es6-promise": {
      "version": "0.0.28",
      "resolved": "https://registry.npmjs.org/@types/es6-promise/-/es6-promise-0.0.28.tgz",
      "integrity": "sha512-4GA06MWCWCmuyBf+ptxrVK4BMQBXUSSCmyydk18Fvn9huS5zJdi24mEwxTn5x7sKMmGpJwKS6f1i2oLN7yL4lw==",
      "license": "MIT"
    },
    "node_modules/@types/hasher": {
      "version": "0.0.27",
      "resolved": "https://registry.npmjs.org/@types/hasher/-/hasher-0.0.27.tgz",
      "integrity": "sha512-c0wrTX2AOyTsoQ4ILFLKfQI0h9tKx/etsosHbv95X+YdX4BqIgW+A5cOAdF3GQEivx07swxwURSoCXLnolKz4g==",
      "license": "MIT",
      "dependencies": {
        "@types/signals": "0.0.*"
      }
    },
    "node_modules/@types/marked": {
      "version": "0.3.0",
      "resolved": "https://registry.npmjs.org/@types/marked/-/marked-0.3.0.tgz",
      "integrity": "sha512-CSf9YWJdX1DkTNu9zcNtdCcn6hkRtB5ILjbhRId4ZOQqx30fXmdecuaXhugQL6eyrhuXtaHJ7PHI+Vm7k9ZJjg==",
      "license": "MIT"
    },
    "node_modules/@types/moment-timezone": {
      "version": "0.5.30",
      "resolved": "https://registry.npmjs.org/@types/moment-timezone/-/moment-timezone-0.5.30.tgz",
      "integrity": "sha512-aDVfCsjYnAQaV/E9Qc24C5Njx1CoDjXsEgkxtp9NyXDpYu4CCbmclb6QhWloS9UTU/8YROUEEdEkWI0D7DxnKg==",
      "deprecated": "This is a stub types definition. moment-timezone provides its own type definitions, so you do not need this installed.",
      "license": "MIT",
      "dependencies": {
        "moment-timezone": "*"
      }
    },
    "node_modules/@types/signals": {
      "version": "0.0.16",
      "resolved": "https://registry.npmjs.org/@types/signals/-/signals-0.0.16.tgz",
      "integrity": "sha512-et2IA5h9whc0P4SyTguadej81Tzc0eBjy1huCTrQBg18Ulo40OD/TACk4EMjFkrkIjJEmls1R4ZXnVR2VTTsRA==",
      "license": "MIT"
    },
    "node_modules/codemirror": {
      "version": "5.65.20",
      "resolved": "https://registry.npmjs.org/codemirror/-/codemirror-5.65.20.tgz",
      "integrity": "sha512-i5dLDDxwkFCbhjvL2pNjShsojoL3XHyDwsGv1jqETUoW+lzpBKKqNTUWgQwVAOa0tUm4BwekT455ujafi8payA==",
      "license": "MIT"
    },
    "node_modules/crossroads": {
      "version": "0.12.2",
      "resolved": "https://registry.npmjs.org/crossroads/-/crossroads-0.12.2.tgz",
      "integrity": "sha512-2IcFNwej+D4C5w5yTPglfAKGl6HtMlKkOv8ys2JdWHzxOUrPGdm5q5Ll/7kngGevd0KYxI8w+Lqiq4knVWr27g==",
      "license": "MIT",
      "dependencies": {
        "signals": "<2.0"
      }
    },
    "node_modules/fuse.js": {
      "version": "3.6.1",
      "resolved": "https://registry.npmjs.org/fuse.js/-/fuse.js-3.6.1.tgz",
      "integrity": "sha512-hT9yh/tiinkmirKrlv4KWOjztdoZo1mx9Qh4KvWqC7isoXwdUY3PNWUxceF4/qO9R6riA2C29jdTOeQOIROjgw==",
      "license": "Apache-2.0",
      "engines": {
        "node": ">=6"
      }
    },
    "node_modules/hasher": {
      "version": "1.2.0",
      "resolved": "https://registry.npmjs.org/hasher/-/hasher-1.2.0.tgz",
      "integrity": "sha512-H82tiQxi6VSamSz08jMFysLXZafTlM8FqKEUwwkEe2YaMx+DrPb23E+P1bixdo9XOCVkfwHrbp0PK5I7xBJvAw==",
      "license": "MIT",
      "dependencies": {
        "signals": ">0.7 <2.0"
      }
    },
    "node_modules/marked": {
      "version": "0.3.19",
      "resolved": "https://registry.npmjs.org/marked/-/marked-0.3.19.tgz",
      "integrity": "sha512-ea2eGWOqNxPcXv8dyERdSr/6FmzvWwzjMxpfGB/sbMccXoct+xY+YukPD+QTUZwyvK7BZwcr4m21WBOW41pAkg==",
      "license": "MIT",
      "bin": {
        "marked": "bin/marked"
      },
      "engines": {
        "node": ">=0.10.0"
      }
    },
    "node_modules/moment": {
      "version": "2.30.1",
      "resolved": "https://registry.npmjs.org/moment/-/moment-2.30.1.tgz",
      "integrity": "sha512-uEmtNhbDOrWPFS+hdjFCBfy9f2YoyzRpwcl+DqpC6taX21FzsTLQVbMV/W7PzNSX6x/bhC1zA3c2UQ5NzH6how==",
      "license": "MIT",
      "engines": {
        "node": "*"
      }
    },
    "node_modules/moment-timezone": {
      "version": "0.5.48",
      "resolved": "https://registry.npmjs.org/moment-timezone/-/moment-timezone-0.5.48.tgz",
      "integrity": "sha512-f22b8LV1gbTO2ms2j2z13MuPogNoh5UzxL3nzNAYKGraILnbGc9NEE6dyiiiLv46DGRb8A4kg8UKWLjPthxBHw==",
      "license": "MIT",
      "dependencies": {
        "moment": "^2.29.4"
      },
      "engines": {
        "node": "*"
      }
    },
    "node_modules/signals": {
      "version": "1.0.0",
      "resolved": "https://registry.npmjs.org/signals/-/signals-1.0.0.tgz",
      "integrity": "sha512-dE3lBiqgrgIvpGHYBy6/kiYKfh0HXRmbg0ocakBKiOefbal6ZeTtNlQlxsu9ADkNzv5OmRwRKu+IaTPSqJdZDg=="
    }
  }
}
